
Microsoft Visual Studio Solution File, Format Version 12.00
# Visual Studio Version 16
VisualStudioVersion = 16.0.30114.105
MinimumVisualStudioVersion = 10.0.40219.1
Project("{FAE04EC0-301F-11D3-BF4B-00C04F79EFBC}") = "Catalog.Api", "Catalog.Api\Catalog.Api.csproj", "{CE5B1515-F344-40AA-9FBF-52827EC5079F}"
EndProject
Project("{FAE04EC0-301F-11D3-BF4B-00C04F79EFBC}") = "Catalog.UnitTests", "Catalog.UnitTests\Catalog.UnitTests.csproj", "{A9D4A4ED-E48E-400E-85BF-4132F52D8CC2}"
EndProject
Global
	GlobalSection(SolutionConfigurationPlatforms) = preSolution
		Debug|Any CPU = Debug|Any CPU
		Debug|x64 = Debug|x64
		Debug|x86 = Debug|x86
		Release|Any CPU = Release|Any CPU
		Release|x64 = Release|x64
		Release|x86 = Release|x86
	EndGlobalSection
	GlobalSection(SolutionProperties) = preSolution
		HideSolutionNode = FALSE
	EndGlobalSection
	GlobalSection(ProjectConfigurationPlatforms) = postSolution
		{CE5B1515-F344-40AA-9FBF-52827EC5079F}.Debug|Any CPU.ActiveCfg = Debug|Any CPU
		{CE5B1515-F344-40AA-9FBF-52827EC5079F}.Debug|Any CPU.Build.0 = Debug|Any CPU
		{CE5B1515-F344-40AA-9FBF-52827EC5079F}.Debug|x64.ActiveCfg = Debug|Any CPU
		{CE5B1515-F344-40AA-9FBF-52827EC5079F}.Debug|x64.Build.0 = Debug|Any CPU
		{CE5B1515-F344-40AA-9FBF-52827EC5079F}.Debug|x86.ActiveCfg = Debug|Any CPU
		{CE5B1515-F344-40AA-9FBF-52827EC5079F}.Debug|x86.Build.0 = Debug|Any CPU
		{CE5B1515-F344-40AA-9FBF-52827EC5079F}.Release|Any CPU.ActiveCfg = Release|Any CPU
		{CE5B1515-F344-40AA-9FBF-52827EC5079F}.Release|Any CPU.Build.0 = Release|Any CPU
		{CE5B1515-F344-40AA-9FBF-52827EC5079F}.Release|x64.ActiveCfg = Release|Any CPU
		{CE5B1515-F344-40AA-9FBF-52827EC5079F}.Release|x64.Build.0 = Release|Any CPU
		{CE5B1515-F344-40AA-9FBF-52827EC5079F}.Release|x86.ActiveCfg = Release|Any CPU
		{CE5B1515-F344-40AA-9FBF-52827EC5079F}.Release|x86.Build.0 = Release|Any CPU
		{A9D4A4ED-E48E-400E-85BF-4132F52D8CC2}.Debug|Any CPU.ActiveCfg = Debug|Any CPU
		{A9D4A4ED-E48E-400E-85BF-4132F52D8CC2}.Debug|Any CPU.Build.0 = Debug|Any CPU
		{A9D4A4ED-E48E-400E-85BF-4132F52D8CC2}.Debug|x64.ActiveCfg = Debug|Any CPU
		{A9D4A4ED-E48E-400E-85BF-4132F52D8CC2}.Debug|x64.Build.0 = Debug|Any CPU
		{A9D4A4ED-E48E-400E-85BF-4132F52D8CC2}.Debug|x86.ActiveCfg = Debug|Any CPU
		{A9D4A4ED-E48E-400E-85BF-4132F52D8CC2}.Debug|x86.Build.0 = Debug|Any CPU
		{A9D4A4ED-E48E-400E-85BF-4132F52D8CC2}.Release|Any CPU.ActiveCfg = Release|Any CPU
		{A9D4A4ED-E48E-400E-85BF-4132F52D8CC2}.Release|Any CPU.Build.0 = Release|Any CPU
		{A9D4A4ED-E48E-400E-85BF-4132F52D8CC2}.Release|x64.ActiveCfg = Release|Any CPU
		{A9D4A4ED-E48E-400E-85BF-4132F52D8CC2}.Release|x64.Build.0 = Release|Any CPU
		{A9D4A4ED-E48E-400E-85BF-4132F52D8CC2}.Release|x86.ActiveCfg = Release|Any CPU
		{A9D4A4ED-E48E-400E-85BF-4132F52D8CC2}.Release|x86.Build.0 = Release|Any CPU
	EndGlobalSection
EndGlobal
